// !$*UTF8*$!
{
	archiveVersion = 1;
	classes = {
	};
	objectVersion = 50;
	objects = {

/* Begin PBXBuildFile section */
		980757BE21C3591F0052EE21 /* SortTableViewController.swift in Sources */ = {isa = PBXBuildFile; fileRef = 980757BD21C3591F0052EE21 /* SortTableViewController.swift */; };
		980757C021C3593B0052EE21 /* FruitCell.swift in Sources */ = {isa = PBXBuildFile; fileRef = 980757BF21C3593B0052EE21 /* FruitCell.swift */; };
		980757C221C359470052EE21 /* AppDelegate.swift in Sources */ = {isa = PBXBuildFile; fileRef = 980757C121C359470052EE21 /* AppDelegate.swift */; };
		980757C521C3598B0052EE21 /* Main.storyboard in Resources */ = {isa = PBXBuildFile; fileRef = 980757C321C3598B0052EE21 /* Main.storyboard */; };
		980757C821C359C80052EE21 /* tableViewDemoTests.swift in Sources */ = {isa = PBXBuildFile; fileRef = 980757C721C359C80052EE21 /* tableViewDemoTests.swift */; };
		98813E0221B9CA5E00FFD513 /* Assets.xcassets in Resources */ = {isa = PBXBuildFile; fileRef = 98813E0121B9CA5E00FFD513 /* Assets.xcassets */; };
		98813E0521B9CA5E00FFD513 /* LaunchScreen.storyboard in Resources */ = {isa = PBXBuildFile; fileRef = 98813E0321B9CA5E00FFD513 /* LaunchScreen.storyboard */; };
/* End PBXBuildFile section */

/* Begin PBXContainerItemProxy section */
		98813E0C21B9CA5E00FFD513 /* PBXContainerItemProxy */ = {
			isa = PBXContainerItemProxy;
			containerPortal = 98813DEF21B9CA5C00FFD513 /* Project object */;
			proxyType = 1;
			remoteGlobalIDString = 98813DF621B9CA5C00FFD513;
			remoteInfo = FinalProject;
		};
/* End PBXContainerItemProxy section */

/* Begin PBXFileReference section */
		980757BD21C3591F0052EE21 /* SortTableViewController.swift */ = {isa = PBXFileReference; fileEncoding = 4; lastKnownFileType = sourcecode.swift; name = SortTableViewController.swift; path = "../../../Downloads/tableViewDemo-4/tableViewDemo/SortTableViewController.swift"; sourceTree = "<group>"; };
		980757BF21C3593B0052EE21 /* FruitCell.swift */ = {isa = PBXFileReference; fileEncoding = 4; lastKnownFileType = sourcecode.swift; name = FruitCell.swift; path = "../../../Downloads/tableViewDemo-4/tableViewDemo/FruitCell.swift"; sourceTree = "<group>"; };
		980757C121C359470052EE21 /* AppDelegate.swift */ = {isa = PBXFileReference; fileEncoding = 4; lastKnownFileType = sourcecode.swift; name = AppDelegate.swift; path = "../../../Downloads/tableViewDemo-4/tableViewDemo/AppDelegate.swift"; sourceTree = "<group>"; };
		980757C421C3598B0052EE21 /* Base */ = {isa = PBXFileReference; lastKnownFileType = file.storyboard; name = Base; path = "../../../Downloads/tableViewDemo-4/tableViewDemo/Base.lproj/Main.storyboard"; sourceTree = "<group>"; };
		980757C721C359C80052EE21 /* tableViewDemoTests.swift */ = {isa = PBXFileReference; fileEncoding = 4; lastKnownFileType = sourcecode.swift; name = tableViewDemoTests.swift; path = "../../../Downloads/tableViewDemo-4/tableViewDemoTests/tableViewDemoTests.swift"; sourceTree = "<group>"; };
		98813DF721B9CA5C00FFD513 /* FinalProject.app */ = {isa = PBXFileReference; explicitFileType = wrapper.application; includeInIndex = 0; path = FinalProject.app; sourceTree = BUILT_PRODUCTS_DIR; };
		98813E0121B9CA5E00FFD513 /* Assets.xcassets */ = {isa = PBXFileReference; lastKnownFileType = folder.assetcatalog; path = Assets.xcassets; sourceTree = "<group>"; };
		98813E0421B9CA5E00FFD513 /* Base */ = {isa = PBXFileReference; lastKnownFileType = file.storyboard; name = Base; path = Base.lproj/LaunchScreen.storyboard; sourceTree = "<group>"; };
		98813E0621B9CA5E00FFD513 /* Info.plist */ = {isa = PBXFileReference; lastKnownFileType = text.plist.xml; path = Info.plist; sourceTree = "<group>"; };
		98813E0B21B9CA5E00FFD513 /* FinalProjectTests.xctest */ = {isa = PBXFileReference; explicitFileType = wrapper.cfbundle; includeInIndex = 0; path = FinalProjectTests.xctest; sourceTree = BUILT_PRODUCTS_DIR; };
		98813E1121B9CA5E00FFD513 /* Info.plist */ = {isa = PBXFileReference; lastKnownFileType = text.plist.xml; path = Info.plist; sourceTree = "<group>"; };
/* End PBXFileReference section */

/* Begin PBXFrameworksBuildPhase section */
		98813DF421B9CA5C00FFD513 /* Frameworks */ = {
			isa = PBXFrameworksBuildPhase;
			buildActionMask = 2147483647;
			files = (
			);
			runOnlyForDeploymentPostprocessing = 0;
		};
		98813E0821B9CA5E00FFD513 /* Frameworks */ = {
			isa = PBXFrameworksBuildPhase;
			buildActionMask = 2147483647;
			files = (
			);
			runOnlyForDeploymentPostprocessing = 0;
		};
/* End PBXFrameworksBuildPhase section */

/* Begin PBXGroup section */
		98813DEE21B9CA5C00FFD513 = {
			isa = PBXGroup;
			children = (
				98813DF921B9CA5C00FFD513 /* FinalProject */,
				98813E0E21B9CA5E00FFD513 /* FinalProjectTests */,
				98813DF821B9CA5C00FFD513 /* Products */,
			);
			sourceTree = "<group>";
		};
		98813DF821B9CA5C00FFD513 /* Products */ = {
			isa = PBXGroup;
			children = (
				98813DF721B9CA5C00FFD513 /* FinalProject.app */,
				98813E0B21B9CA5E00FFD513 /* FinalProjectTests.xctest */,
			);
			name = Products;
			sourceTree = "<group>";
		};
		98813DF921B9CA5C00FFD513 /* FinalProject */ = {
			isa = PBXGroup;
			children = (
				980757C321C3598B0052EE21 /* Main.storyboard */,
				980757C121C359470052EE21 /* AppDelegate.swift */,
				980757BF21C3593B0052EE21 /* FruitCell.swift */,
				980757BD21C3591F0052EE21 /* SortTableViewController.swift */,
				98813E0121B9CA5E00FFD513 /* Assets.xcassets */,
				98813E0321B9CA5E00FFD513 /* LaunchScreen.storyboard */,
				98813E0621B9CA5E00FFD513 /* Info.plist */,
			);
			path = FinalProject;
			sourceTree = "<group>";
		};
		98813E0E21B9CA5E00FFD513 /* FinalProjectTests */ = {
			isa = PBXGroup;
			children = (
				980757C721C359C80052EE21 /* tableViewDemoTests.swift */,
				98813E1121B9CA5E00FFD513 /* Info.plist */,
			);
			path = FinalProjectTests;
			sourceTree = "<group>";
		};
/* End PBXGroup section */

/* Begin PBXNativeTarget section */
		98813DF621B9CA5C00FFD513 /* FinalProject */ = {
			isa = PBXNativeTarget;
			buildConfigurationList = 98813E1421B9CA5E00FFD513 /* Build configuration list for PBXNativeTarget "FinalProject" */;
			buildPhases = (
				98813DF321B9CA5C00FFD513 /* Sources */,
				98813DF421B9CA5C00FFD513 /* Frameworks */,
				98813DF521B9CA5C00FFD513 /* Resources */,
			);
			buildRules = (
			);
			dependencies = (
			);
			name = FinalProject;
			productName = FinalProject;
			productReference = 98813DF721B9CA5C00FFD513 /* FinalProject.app */;
			productType = "com.apple.product-type.application";
		};
		98813E0A21B9CA5E00FFD513 /* FinalProjectTests */ = {
			isa = PBXNativeTarget;
			buildConfigurationList = 98813E1721B9CA5E00FFD513 /* Build configuration list for PBXNativeTarget "FinalProjectTests" */;
			buildPhases = (
				98813E0721B9CA5E00FFD513 /* Sources */,
				98813E0821B9CA5E00FFD513 /* Frameworks */,
				98813E0921B9CA5E00FFD513 /* Resources */,
			);
			buildRules = (
			);
			dependencies = (
				98813E0D21B9CA5E00FFD513 /* PBXTargetDependency */,
			);
			name = FinalProjectTests;
			productName = FinalProjectTests;
			productReference = 98813E0B21B9CA5E00FFD513 /* FinalProjectTests.xctest */;
			productType = "com.apple.product-type.bundle.unit-test";
		};
/* End PBXNativeTarget section */

/* Begin PBXProject section */
		98813DEF21B9CA5C00FFD513 /* Project object */ = {
			isa = PBXProject;
			attributes = {
				LastSwiftUpdateCheck = 1010;
				LastUpgradeCheck = 1010;
				ORGANIZATIONNAME = liwanggao;
				TargetAttributes = {
					98813DF621B9CA5C00FFD513 = {
						CreatedOnToolsVersion = 10.1;
					};
					98813E0A21B9CA5E00FFD513 = {
						CreatedOnToolsVersion = 10.1;
						LastSwiftMigration = 1010;
						TestTargetID = 98813DF621B9CA5C00FFD513;
					};
				};
			};
			buildConfigurationList = 98813DF221B9CA5C00FFD513 /* Build configuration list for PBXProject "FinalProject" */;
			compatibilityVersion = "Xcode 9.3";
			developmentRegion = en;
			hasScannedForEncodings = 0;
			knownRegions = (
				en,
				Base,
			);
			mainGroup = 98813DEE21B9CA5C00FFD513;
			productRefGroup = 98813DF821B9CA5C00FFD513 /* Products */;
			projectDirPath = "";
			projectRoot = "";
			targets = (
				98813DF621B9CA5C00FFD513 /* FinalProject */,
				98813E0A21B9CA5E00FFD513 /* FinalProjectTests */,
			);
		};
/* End PBXProject section */

/* Begin PBXResourcesBuildPhase section */
		98813DF521B9CA5C00FFD513 /* Resources */ = {
			isa = PBXResourcesBuildPhase;
			buildActionMask = 2147483647;
			files = (
				980757C521C3598B0052EE21 /* Main.storyboard in Resources */,
				98813E0521B9CA5E00FFD513 /* LaunchScreen.storyboard in Resources */,
				98813E0221B9CA5E00FFD513 /* Assets.xcassets in Resources */,
			);
			runOnlyForDeploymentPostprocessing = 0;
		};
		98813E0921B9CA5E00FFD513 /* Resources */ = {
			isa = PBXResourcesBuildPhase;
			buildActionMask = 2147483647;
			files = (
			);
			runOnlyForDeploymentPostprocessing = 0;
		};
/* End PBXResourcesBuildPhase section */

/* Begin PBXSourcesBuildPhase section */
		98813DF321B9CA5C00FFD513 /* Sources */ = {
			isa = PBXSourcesBuildPhase;
			buildActionMask = 2147483647;
			files = (
				980757C021C3593B0052EE21 /* FruitCell.swift in Sources */,
				980757BE21C3591F0052EE21 /* SortTableViewController.swift in Sources */,
				980757C221C359470052EE21 /* AppDelegate.swift in Sources */,
			);
			runOnlyForDeploymentPostprocessing = 0;
		};
		98813E0721B9CA5E00FFD513 /* Sources */ = {
			isa = PBXSourcesBuildPhase;
			buildActionMask = 2147483647;
			files = (
				980757C821C359C80052EE21 /* tableViewDemoTests.swift in Sources */,
			);
			runOnlyForDeploymentPostprocessing = 0;
		};
/* End PBXSourcesBuildPhase section */

/* Begin PBXTargetDependency section */
		98813E0D21B9CA5E00FFD513 /* PBXTargetDependency */ = {
			isa = PBXTargetDependency;
			target = 98813DF621B9CA5C00FFD513 /* FinalProject */;
			targetProxy = 98813E0C21B9CA5E00FFD513 /* PBXContainerItemProxy */;
		};
/* End PBXTargetDependency section */

/* Begin PBXVariantGroup section */
		980757C321C3598B0052EE21 /* Main.storyboard */ = {
			isa = PBXVariantGroup;
			children = (
				980757C421C3598B0052EE21 /* Base */,
			);
			name = Main.storyboard;
			sourceTree = "<group>";
		};
		98813E0321B9CA5E00FFD513 /* LaunchScreen.storyboard */ = {
			isa = PBXVariantGroup;
			children = (
				98813E0421B9CA5E00FFD513 /* Base */,
			);
			name = LaunchScreen.storyboard;
			sourceTree = "<group>";
		};
/* End PBXVariantGroup section */

/* Begin XCBuildConfiguration section */
		98813E1221B9CA5E00FFD513 /* Debug */ = {
			isa = XCBuildConfiguration;
			buildSettings = {
				ALWAYS_SEARCH_USER_PATHS = NO;
				CLANG_ANALYZER_NONNULL = YES;
				CLANG_ANALYZER_NUMBER_OBJECT_CONVERSION = YES_AGGRESSIVE;
				CLANG_CXX_LANGUAGE_STANDARD = "gnu++14";
				CLANG_CXX_LIBRARY = "libc++";
				CLANG_ENABLE_MODULES = YES;
				CLANG_ENABLE_OBJC_ARC = YES;
				CLANG_ENABLE_OBJC_WEAK = YES;
				CLANG_WARN_BLOCK_CAPTURE_AUTORELEASING = YES;
				CLANG_WARN_BOOL_CONVERSION = YES;
				CLANG_WARN_COMMA = YES;
				CLANG_WARN_CONSTANT_CONVERSION = YES;
				CLANG_WARN_DEPRECATED_OBJC_IMPLEMENTATIONS = YES;
				CLANG_WARN_DIRECT_OBJC_ISA_USAGE = YES_ERROR;
				CLANG_WARN_DOCUMENTATION_COMMENTS = YES;
				CLANG_WARN_EMPTY_BODY = YES;
				CLANG_WARN_ENUM_CONVERSION = YES;
				CLANG_WARN_INFINITE_RECURSION = YES;
				CLANG_WARN_INT_CONVERSION = YES;
				CLANG_WARN_NON_LITERAL_NULL_CONVERSION = YES;
				CLANG_WARN_OBJC_IMPLICIT_RETAIN_SELF = YES;
				CLANG_WARN_OBJC_LITERAL_CONVERSION = YES;
				CLANG_WARN_OBJC_ROOT_CLASS = YES_ERROR;
				CLANG_WARN_RANGE_LOOP_ANALYSIS = YES;
				CLANG_WARN_STRICT_PROTOTYPES = YES;
				CLANG_WARN_SUSPICIOUS_MOVE = YES;
				CLANG_WARN_UNGUARDED_AVAILABILITY = YES_AGGRESSIVE;
				CLANG_WARN_UNREACHABLE_CODE = YES;
				CLANG_WARN__DUPLICATE_METHOD_MATCH = YES;
				CODE_SIGN_IDENTITY = "iPhone Developer";
				COPY_PHASE_STRIP = NO;
				DEBUG_INFORMATION_FORMAT = dwarf;
				ENABLE_STRICT_OBJC_MSGSEND = YES;
				ENABLE_TESTABILITY = YES;
				GCC_C_LANGUAGE_STANDARD = gnu11;
				GCC_DYNAMIC_NO_PIC = NO;
				GCC_NO_COMMON_BLOCKS = YES;
				GCC_OPTIMIZATION_LEVEL = 0;
				GCC_PREPROCESSOR_DEFINITIONS = (
					"DEBUG=1",
					"$(inherited)",
				);
				GCC_WARN_64_TO_32_BIT_CONVERSION = YES;
				GCC_WARN_ABOUT_RETURN_TYPE = YES_ERROR;
				GCC_WARN_UNDECLARED_SELECTOR = YES;
				GCC_WARN_UNINITIALIZED_AUTOS = YES_AGGRESSIVE;
				GCC_WARN_UNUSED_FUNCTION = YES;
				GCC_WARN_UNUSED_VARIABLE = YES;
				IPHONEOS_DEPLOYMENT_TARGET = 12.1;
				MTL_ENABLE_DEBUG_INFO = INCLUDE_SOURCE;
				MTL_FAST_MATH = YES;
				ONLY_ACTIVE_ARCH = YES;
				SDKROOT = iphoneos;
				SWIFT_ACTIVE_COMPILATION_CONDITIONS = DEBUG;
				SWIFT_OPTIMIZATION_LEVEL = "-Onone";
			};
			name = Debug;
		};
		98813E1321B9CA5E00FFD513 /* Release */ = {
			isa = XCBuildConfiguration;
			buildSettings = {
				ALWAYS_SEARCH_USER_PATHS = NO;
				CLANG_ANALYZER_NONNULL = YES;
				CLANG_ANALYZER_NUMBER_OBJECT_CONVERSION = YES_AGGRESSIVE;
				CLANG_CXX_LANGUAGE_STANDARD = "gnu++14";
				CLANG_CXX_LIBRARY = "libc++";
				CLANG_ENABLE_MODULES = YES;
				CLANG_ENABLE_OBJC_ARC = YES;
				CLANG_ENABLE_OBJC_WEAK = YES;
				CLANG_WARN_BLOCK_CAPTURE_AUTORELEASING = YES;
				CLANG_WARN_BOOL_CONVERSION = YES;
				CLANG_WARN_COMMA = YES;
				CLANG_WARN_CONSTANT_CONVERSION = YES;
				CLANG_WARN_DEPRECATED_OBJC_IMPLEMENTATIONS = YES;
				CLANG_WARN_DIRECT_OBJC_ISA_USAGE = YES_ERROR;
				CLANG_WARN_DOCUMENTATION_COMMENTS = YES;
				CLANG_WARN_EMPTY_BODY = YES;
				CLANG_WARN_ENUM_CONVERSION = YES;
				CLANG_WARN_INFINITE_RECURSION = YES;
				CLANG_WARN_INT_CONVERSION = YES;
				CLANG_WARN_NON_LITERAL_NULL_CONVERSION = YES;
				CLANG_WARN_OBJC_IMPLICIT_RETAIN_SELF = YES;
				CLANG_WARN_OBJC_LITERAL_CONVERSION = YES;
				CLANG_WARN_OBJC_ROOT_CLASS = YES_ERROR;
				CLANG_WARN_RANGE_LOOP_ANALYSIS = YES;
				CLANG_WARN_STRICT_PROTOTYPES = YES;
				CLANG_WARN_SUSPICIOUS_MOVE = YES;
				CLANG_WARN_UNGUARDED_AVAILABILITY = YES_AGGRESSIVE;
				CLANG_WARN_UNREACHABLE_CODE = YES;
				CLANG_WARN__DUPLICATE_METHOD_MATCH = YES;
				CODE_SIGN_IDENTITY = "iPhone Developer";
				COPY_PHASE_STRIP = NO;
				DEBUG_INFORMATION_FORMAT = "dwarf-with-dsym";
				ENABLE_NS_ASSERTIONS = NO;
				ENABLE_STRICT_OBJC_MSGSEND = YES;
				GCC_C_LANGUAGE_STANDARD = gnu11;
				GCC_NO_COMMON_BLOCKS = YES;
				GCC_WARN_64_TO_32_BIT_CONVERSION = YES;
				GCC_WARN_ABOUT_RETURN_TYPE = YES_ERROR;
				GCC_WARN_UNDECLARED_SELECTOR = YES;
				GCC_WARN_UNINITIALIZED_AUTOS = YES_AGGRESSIVE;
				GCC_WARN_UNUSED_FUNCTION = YES;
				GCC_WARN_UNUSED_VARIABLE = YES;
				IPHONEOS_DEPLOYMENT_TARGET = 12.1;
				MTL_ENABLE_DEBUG_INFO = NO;
				MTL_FAST_MATH = YES;
				SDKROOT = iphoneos;
				SWIFT_COMPILATION_MODE = wholemodule;
				SWIFT_OPTIMIZATION_LEVEL = "-O";
				VALIDATE_PRODUCT = YES;
			};
			name = Release;
		};
		98813E1521B9CA5E00FFD513 /* Debug */ = {
			isa = XCBuildConfiguration;
			buildSettings = {
				ASSETCATALOG_COMPILER_APPICON_NAME = AppIcon;
				CODE_SIGN_STYLE = Automatic;
				INFOPLIST_FILE = FinalProject/Info.plist;
				LD_RUNPATH_SEARCH_PATHS = (
					"$(inherited)",
					"@executable_path/Frameworks",
				);
				PRODUCT_BUNDLE_IDENTIFIER = com.liwanggao.FinalProject;
				PRODUCT_NAME = "$(TARGET_NAME)";
				SWIFT_VERSION = 4.2;
				TARGETED_DEVICE_FAMILY = "1,2";
			};
			name = Debug;
		};
		98813E1621B9CA5E00FFD513 /* Release */ = {
			isa = XCBuildConfiguration;
			buildSettings = {
				ASSETCATALOG_COMPILER_APPICON_NAME = AppIcon;
				CODE_SIGN_STYLE = Automatic;
				INFOPLIST_FILE = FinalProject/Info.plist;
				LD_RUNPATH_SEARCH_PATHS = (
					"$(inherited)",
					"@executable_path/Frameworks",
				);
				PRODUCT_BUNDLE_IDENTIFIER = com.liwanggao.FinalProject;
				PRODUCT_NAME = "$(TARGET_NAME)";
				SWIFT_VERSION = 4.2;
				TARGETED_DEVICE_FAMILY = "1,2";
			};
			name = Release;
		};
		98813E1821B9CA5E00FFD513 /* Debug */ = {
			isa = XCBuildConfiguration;
			buildSettings = {
				ALWAYS_EMBED_SWIFT_STANDARD_LIBRARIES = YES;
				BUNDLE_LOADER = "$(TEST_HOST)";
				CLANG_ENABLE_MODULES = YES;
				CODE_SIGN_STYLE = Automatic;
				INFOPLIST_FILE = FinalProjectTests/Info.plist;
				LD_RUNPATH_SEARCH_PATHS = (
					"$(inherited)",
					"@executable_path/Frameworks",
					"@loader_path/Frameworks",
				);
				PRODUCT_BUNDLE_IDENTIFIER = com.liwanggao.FinalProjectTests;
				PRODUCT_NAME = "$(TARGET_NAME)";
				SWIFT_OBJC_BRIDGING_HEADER = "FinalProjectTests/FinalProjectTests-Bridging-Header.h";
				SWIFT_OPTIMIZATION_LEVEL = "-Onone";
				SWIFT_VERSION = 4.2;
				TARGETED_DEVICE_FAMILY = "1,2";
				TEST_HOST = "$(BUILT_PRODUCTS_DIR)/FinalProject.app/FinalProject";
			};
			name = Debug;
		};
		98813E1921B9CA5E00FFD513 /* Release */ = {
			isa = XCBuildConfiguration;
			buildSettings = {
				ALWAYS_EMBED_SWIFT_STANDARD_LIBRARIES = YES;
				BUNDLE_LOADER = "$(TEST_HOST)";
				CLANG_ENABLE_MODULES = YES;
				CODE_SIGN_STYLE = Automatic;
				INFOPLIST_FILE = FinalProjectTests/Info.plist;
				LD_RUNPATH_SEARCH_PATHS = (
					"$(inherited)",
					"@executable_path/Frameworks",
					"@loader_path/Frameworks",
				);
				PRODUCT_BUNDLE_IDENTIFIER = com.liwanggao.FinalProjectTests;
				PRODUCT_NAME = "$(TARGET_NAME)";
				SWIFT_OBJC_BRIDGING_HEADER = "FinalProjectTests/FinalProjectTests-Bridging-Header.h";
				SWIFT_VERSION = 4.2;
				TARGETED_DEVICE_FAMILY = "1,2";
				TEST_HOST = "$(BUILT_PRODUCTS_DIR)/FinalProject.app/FinalProject";
			};
			name = Release;
		};
/* End XCBuildConfiguration section */

/* Begin XCConfigurationList section */
		98813DF221B9CA5C00FFD513 /* Build configuration list for PBXProject "FinalProject" */ = {
			isa = XCConfigurationList;
			buildConfigurations = (
				98813E1221B9CA5E00FFD513 /* Debug */,
				98813E1321B9CA5E00FFD513 /* Release */,
			);
			defaultConfigurationIsVisible = 0;
			defaultConfigurationName = Release;
		};
		98813E1421B9CA5E00FFD513 /* Build configuration list for PBXNativeTarget "FinalProject" */ = {
			isa = XCConfigurationList;
			buildConfigurations = (
				98813E1521B9CA5E00FFD513 /* Debug */,
				98813E1621B9CA5E00FFD513 /* Release */,
			);
			defaultConfigurationIsVisible = 0;
			defaultConfigurationName = Release;
		};
		98813E1721B9CA5E00FFD513 /* Build configuration list for PBXNativeTarget "FinalProjectTests" */ = {
			isa = XCConfigurationList;
			buildConfigurations = (
				98813E1821B9CA5E00FFD513 /* Debug */,
				98813E1921B9CA5E00FFD513 /* Release */,
			);
			defaultConfigurationIsVisible = 0;
			defaultConfigurationName = Release;
		};
/* End XCConfigurationList section */
	};
	rootObject = 98813DEF21B9CA5C00FFD513 /* Project object */;
}
